PODS:
  - FlutterMacOS (1.0.0)
  - metadata_god (0.0.1):
    - FlutterMacOS

DEPENDENCIES:
  - FlutterMacOS (from `Flutter/ephemeral`)
  - metadata_god (from `Flutter/ephemeral/.symlinks/plugins/metadata_god/macos`)

EXTERNAL SOURCES:
  FlutterMacOS:
    :path: Flutter/ephemeral
  metadata_god:
    :path: Flutter/ephemeral/.symlinks/plugins/metadata_god/macos

SPEC CHECKSUMS:
  FlutterMacOS: c232990155153907050900a2e175c7773903ba4e
  metadata_god: 8029e6ff4b1400ae4f13c38d2c478e8633f0e58b

PODFILE CHECKSUM: 1e95c36afbfd1cb6423ceca4de7a8e1b256fb6ac

COCOAPODS: 1.17.0
